
Microsoft Visual Studio Solution File, Format Version 12.00
# Visual Studio Version 17
VisualStudioVersion = 17.5.2.0
MinimumVisualStudioVersion = 10.0.40219.1
Project("{2150E333-8FDC-42A3-9474-1A3956D46DE8}") = "Sources", "Sources", "{C16B2082-E6A6-C480-36D0-FC08AA18D453}"
EndProject
Project("{2150E333-8FDC-42A3-9474-1A3956D46DE8}") = "Tests", "Tests", "{D9CAFC9D-1E7E-44A4-9EB7-8EC42E29A62A}"
EndProject
Project("{FAE04EC0-301F-11D3-BF4B-00C04F79EFBC}") = "HyPrism.Core.Tests", "Tests\HyPrism.Core.Tests\HyPrism.Core.Tests.csproj", "{A25CED2C-314D-462C-A104-F29256B5594C}"
EndProject
Project("{FAE04EC0-301F-11D3-BF4B-00C04F79EFBC}") = "HyPrism.Desktop", "Sources\HyPrism.Desktop\HyPrism.Desktop.csproj", "{04D446EF-90B6-44BA-9BDB-AB71E4B18916}"
EndProject
Project("{FAE04EC0-301F-11D3-BF4B-00C04F79EFBC}") = "HyPrism.Core", "Sources\HyPrism.Core\HyPrism.Core.csproj", "{C67F09D6-429B-4855-B6F8-1C11B07039DD}"
EndProject
Project("{FAE04EC0-301F-11D3-BF4B-00C04F79EFBC}") = "HyPrism.LocalNode", "Sources\HyPrism.LocalNode\HyPrism.LocalNode.csproj", "{5BF35B82-C563-4B1D-A4F9-1A0A9D6A37F2}"
EndProject
Project("{FAE04EC0-301F-11D3-BF4B-00C04F79EFBC}") = "HyPrism.Desktop.Tests", "Tests\HyPrism.Desktop.Tests\HyPrism.Desktop.Tests.csproj", "{78567479-3372-4FAE-A571-7BE4F426A7C8}"
EndProject
Project("{FAE04EC0-301F-11D3-BF4B-00C04F79EFBC}") = "HyPrism.LocalNode.Tests", "Tests\HyPrism.LocalNode.Tests\HyPrism.LocalNode.Tests.csproj", "{5D7AC42C-19F4-4E40-A9B2-8D768C48E6F4}"
EndProject
Global
	GlobalSection(SolutionConfigurationPlatforms) = preSolution
		Debug|Any CPU = Debug|Any CPU
		Debug|x64 = Debug|x64
		Debug|x86 = Debug|x86
		Release|Any CPU = Release|Any CPU
		Release|x64 = Release|x64
		Release|x86 = Release|x86
	EndGlobalSection
	GlobalSection(ProjectConfigurationPlatforms) = postSolution
		{A25CED2C-314D-462C-A104-F29256B5594C}.Debug|Any CPU.ActiveCfg = Debug|Any CPU
		{A25CED2C-314D-462C-A104-F29256B5594C}.Debug|Any CPU.Build.0 = Debug|Any CPU
		{A25CED2C-314D-462C-A104-F29256B5594C}.Debug|x64.ActiveCfg = Debug|Any CPU
		{A25CED2C-314D-462C-A104-F29256B5594C}.Debug|x64.Build.0 = Debug|Any CPU
		{A25CED2C-314D-462C-A104-F29256B5594C}.Debug|x86.ActiveCfg = Debug|Any CPU
		{A25CED2C-314D-462C-A104-F29256B5594C}.Debug|x86.Build.0 = Debug|Any CPU
		{A25CED2C-314D-462C-A104-F29256B5594C}.Release|Any CPU.ActiveCfg = Release|Any CPU
		{A25CED2C-314D-462C-A104-F29256B5594C}.Release|Any CPU.Build.0 = Release|Any CPU
		{A25CED2C-314D-462C-A104-F29256B5594C}.Release|x64.ActiveCfg = Release|Any CPU
		{A25CED2C-314D-462C-A104-F29256B5594C}.Release|x64.Build.0 = Release|Any CPU
		{A25CED2C-314D-462C-A104-F29256B5594C}.Release|x86.ActiveCfg = Release|Any CPU
		{A25CED2C-314D-462C-A104-F29256B5594C}.Release|x86.Build.0 = Release|Any CPU
		{04D446EF-90B6-44BA-9BDB-AB71E4B18916}.Debug|Any CPU.ActiveCfg = Debug|Any CPU
		{04D446EF-90B6-44BA-9BDB-AB71E4B18916}.Debug|Any CPU.Build.0 = Debug|Any CPU
		{04D446EF-90B6-44BA-9BDB-AB71E4B18916}.Debug|x64.ActiveCfg = Debug|Any CPU
		{04D446EF-90B6-44BA-9BDB-AB71E4B18916}.Debug|x64.Build.0 = Debug|Any CPU
		{04D446EF-90B6-44BA-9BDB-AB71E4B18916}.Debug|x86.ActiveCfg = Debug|Any CPU
		{04D446EF-90B6-44BA-9BDB-AB71E4B18916}.Debug|x86.Build.0 = Debug|Any CPU
		{04D446EF-90B6-44BA-9BDB-AB71E4B18916}.Release|Any CPU.ActiveCfg = Release|Any CPU
		{04D446EF-90B6-44BA-9BDB-AB71E4B18916}.Release|Any CPU.Build.0 = Release|Any CPU
		{04D446EF-90B6-44BA-9BDB-AB71E4B18916}.Release|x64.ActiveCfg = Release|Any CPU
		{04D446EF-90B6-44BA-9BDB-AB71E4B18916}.Release|x64.Build.0 = Release|Any CPU
		{04D446EF-90B6-44BA-9BDB-AB71E4B18916}.Release|x86.ActiveCfg = Release|Any CPU
		{04D446EF-90B6-44BA-9BDB-AB71E4B18916}.Release|x86.Build.0 = Release|Any CPU
		{C67F09D6-429B-4855-B6F8-1C11B07039DD}.Debug|Any CPU.ActiveCfg = Debug|Any CPU
		{C67F09D6-429B-4855-B6F8-1C11B07039DD}.Debug|Any CPU.Build.0 = Debug|Any CPU
		{C67F09D6-429B-4855-B6F8-1C11B07039DD}.Debug|x64.ActiveCfg = Debug|Any CPU
		{C67F09D6-429B-4855-B6F8-1C11B07039DD}.Debug|x64.Build.0 = Debug|Any CPU
		{C67F09D6-429B-4855-B6F8-1C11B07039DD}.Debug|x86.ActiveCfg = Debug|Any CPU
		{C67F09D6-429B-4855-B6F8-1C11B07039DD}.Debug|x86.Build.0 = Debug|Any CPU
		{C67F09D6-429B-4855-B6F8-1C11B07039DD}.Release|Any CPU.ActiveCfg = Release|Any CPU
		{C67F09D6-429B-4855-B6F8-1C11B07039DD}.Release|Any CPU.Build.0 = Release|Any CPU
		{C67F09D6-429B-4855-B6F8-1C11B07039DD}.Release|x64.ActiveCfg = Release|Any CPU
		{C67F09D6-429B-4855-B6F8-1C11B07039DD}.Release|x64.Build.0 = Release|Any CPU
		{C67F09D6-429B-4855-B6F8-1C11B07039DD}.Release|x86.ActiveCfg = Release|Any CPU
		{C67F09D6-429B-4855-B6F8-1C11B07039DD}.Release|x86.Build.0 = Release|Any CPU
		{5BF35B82-C563-4B1D-A4F9-1A0A9D6A37F2}.Debug|Any CPU.ActiveCfg = Debug|Any CPU
		{5BF35B82-C563-4B1D-A4F9-1A0A9D6A37F2}.Debug|Any CPU.Build.0 = Debug|Any CPU
		{5BF35B82-C563-4B1D-A4F9-1A0A9D6A37F2}.Debug|x64.ActiveCfg = Debug|Any CPU
		{5BF35B82-C563-4B1D-A4F9-1A0A9D6A37F2}.Debug|x64.Build.0 = Debug|Any CPU
		{5BF35B82-C563-4B1D-A4F9-1A0A9D6A37F2}.Debug|x86.ActiveCfg = Debug|Any CPU
		{5BF35B82-C563-4B1D-A4F9-1A0A9D6A37F2}.Debug|x86.Build.0 = Debug|Any CPU
		{5BF35B82-C563-4B1D-A4F9-1A0A9D6A37F2}.Release|Any CPU.ActiveCfg = Release|Any CPU
		{5BF35B82-C563-4B1D-A4F9-1A0A9D6A37F2}.Release|Any CPU.Build.0 = Release|Any CPU
		{5BF35B82-C563-4B1D-A4F9-1A0A9D6A37F2}.Release|x64.ActiveCfg = Release|Any CPU
		{5BF35B82-C563-4B1D-A4F9-1A0A9D6A37F2}.Release|x64.Build.0 = Release|Any CPU
		{5BF35B82-C563-4B1D-A4F9-1A0A9D6A37F2}.Release|x86.ActiveCfg = Release|Any CPU
		{5BF35B82-C563-4B1D-A4F9-1A0A9D6A37F2}.Release|x86.Build.0 = Release|Any CPU
		{78567479-3372-4FAE-A571-7BE4F426A7C8}.Debug|Any CPU.ActiveCfg = Debug|Any CPU
		{78567479-3372-4FAE-A571-7BE4F426A7C8}.Debug|Any CPU.Build.0 = Debug|Any CPU
		{78567479-3372-4FAE-A571-7BE4F426A7C8}.Debug|x64.ActiveCfg = Debug|Any CPU
		{78567479-3372-4FAE-A571-7BE4F426A7C8}.Debug|x64.Build.0 = Debug|Any CPU
		{78567479-3372-4FAE-A571-7BE4F426A7C8}.Debug|x86.ActiveCfg = Debug|Any CPU
		{78567479-3372-4FAE-A571-7BE4F426A7C8}.Debug|x86.Build.0 = Debug|Any CPU
		{78567479-3372-4FAE-A571-7BE4F426A7C8}.Release|Any CPU.ActiveCfg = Release|Any CPU
		{78567479-3372-4FAE-A571-7BE4F426A7C8}.Release|Any CPU.Build.0 = Release|Any CPU
		{78567479-3372-4FAE-A571-7BE4F426A7C8}.Release|x64.ActiveCfg = Release|Any CPU
		{78567479-3372-4FAE-A571-7BE4F426A7C8}.Release|x64.Build.0 = Release|Any CPU
		{78567479-3372-4FAE-A571-7BE4F426A7C8}.Release|x86.ActiveCfg = Release|Any CPU
		{78567479-3372-4FAE-A571-7BE4F426A7C8}.Release|x86.Build.0 = Release|Any CPU
		{5D7AC42C-19F4-4E40-A9B2-8D768C48E6F4}.Debug|Any CPU.ActiveCfg = Debug|Any CPU
		{5D7AC42C-19F4-4E40-A9B2-8D768C48E6F4}.Debug|Any CPU.Build.0 = Debug|Any CPU
		{5D7AC42C-19F4-4E40-A9B2-8D768C48E6F4}.Debug|x64.ActiveCfg = Debug|Any CPU
		{5D7AC42C-19F4-4E40-A9B2-8D768C48E6F4}.Debug|x64.Build.0 = Debug|Any CPU
		{5D7AC42C-19F4-4E40-A9B2-8D768C48E6F4}.Debug|x86.ActiveCfg = Debug|Any CPU
		{5D7AC42C-19F4-4E40-A9B2-8D768C48E6F4}.Debug|x86.Build.0 = Debug|Any CPU
		{5D7AC42C-19F4-4E40-A9B2-8D768C48E6F4}.Release|Any CPU.ActiveCfg = Release|Any CPU
		{5D7AC42C-19F4-4E40-A9B2-8D768C48E6F4}.Release|Any CPU.Build.0 = Release|Any CPU
		{5D7AC42C-19F4-4E40-A9B2-8D768C48E6F4}.Release|x64.ActiveCfg = Release|Any CPU
		{5D7AC42C-19F4-4E40-A9B2-8D768C48E6F4}.Release|x64.Build.0 = Release|Any CPU
		{5D7AC42C-19F4-4E40-A9B2-8D768C48E6F4}.Release|x86.ActiveCfg = Release|Any CPU
		{5D7AC42C-19F4-4E40-A9B2-8D768C48E6F4}.Release|x86.Build.0 = Release|Any CPU
	EndGlobalSection
	GlobalSection(SolutionProperties) = preSolution
		HideSolutionNode = FALSE
	EndGlobalSection
	GlobalSection(NestedProjects) = preSolution
		{A25CED2C-314D-462C-A104-F29256B5594C} = {D9CAFC9D-1E7E-44A4-9EB7-8EC42E29A62A}
		{04D446EF-90B6-44BA-9BDB-AB71E4B18916} = {C16B2082-E6A6-C480-36D0-FC08AA18D453}
		{C67F09D6-429B-4855-B6F8-1C11B07039DD} = {C16B2082-E6A6-C480-36D0-FC08AA18D453}
		{5BF35B82-C563-4B1D-A4F9-1A0A9D6A37F2} = {C16B2082-E6A6-C480-36D0-FC08AA18D453}
		{78567479-3372-4FAE-A571-7BE4F426A7C8} = {D9CAFC9D-1E7E-44A4-9EB7-8EC42E29A62A}
		{5D7AC42C-19F4-4E40-A9B2-8D768C48E6F4} = {D9CAFC9D-1E7E-44A4-9EB7-8EC42E29A62A}
	EndGlobalSection
	GlobalSection(ExtensibilityGlobals) = postSolution
		SolutionGuid = {9B9322DC-7213-4CB4-AEE0-BA20B64EBF70}
	EndGlobalSection
EndGlobal
